
Microsoft Visual Studio Solution File, Format Version 12.00
# Visual Studio Version 17
VisualStudioVersion = 17.7.34221.43
MinimumVisualStudioVersion = 10.0.40219.1
Project("{9A19103F-16F7-4668-BE54-9A1E7A4F7556}") = "BulkyWeb", "BulkyWeb\BulkyWeb.csproj", "{07CD598B-60FB-43A7-9D2F-F4966BEF29CC}"
EndProject
Project("{FAE04EC0-301F-11D3-BF4B-00C04F79EFBC}") = "Bulky.DataAccess", "Bulky.DataAccess\Bulky.DataAccess.csproj", "{382F74B1-EE25-413F-B32D-50C3A8A8E2A1}"
EndProject
Project("{FAE04EC0-301F-11D3-BF4B-00C04F79EFBC}") = "Bulky.Models", "Bulky.Models\Bulky.Models.csproj", "{F9EB6C01-34BB-41D5-A1B2-FB3331EA0E11}"
EndProject
Project("{FAE04EC0-301F-11D3-BF4B-00C04F79EFBC}") = "Bulky.Utility", "Bulky.Utility\Bulky.Utility.csproj", "{5059C73E-8D2F-41B8-BCEE-A7CF363D2E96}"
EndProject
Global
	GlobalSection(SolutionConfigurationPlatforms) = preSolution
		Debug|Any CPU = Debug|Any CPU
		Release|Any CPU = Release|Any CPU
	EndGlobalSection
	GlobalSection(ProjectConfigurationPlatforms) = postSolution
		{07CD598B-60FB-43A7-9D2F-F4966BEF29CC}.Debug|Any CPU.ActiveCfg = Debug|Any CPU
		{07CD598B-60FB-43A7-9D2F-F4966BEF29CC}.Debug|Any CPU.Build.0 = Debug|Any CPU
		{07CD598B-60FB-43A7-9D2F-F4966BEF29CC}.Release|Any CPU.ActiveCfg = Release|Any CPU
		{07CD598B-60FB-43A7-9D2F-F4966BEF29CC}.Release|Any CPU.Build.0 = Release|Any CPU
		{382F74B1-EE25-413F-B32D-50C3A8A8E2A1}.Debug|Any CPU.ActiveCfg = Debug|Any CPU
		{382F74B1-EE25-413F-B32D-50C3A8A8E2A1}.Debug|Any CPU.Build.0 = Debug|Any CPU
		{382F74B1-EE25-413F-B32D-50C3A8A8E2A1}.Release|Any CPU.ActiveCfg = Release|Any CPU
		{382F74B1-EE25-413F-B32D-50C3A8A8E2A1}.Release|Any CPU.Build.0 = Release|Any CPU
		{F9EB6C01-34BB-41D5-A1B2-FB3331EA0E11}.Debug|Any CPU.ActiveCfg = Debug|Any CPU
		{F9EB6C01-34BB-41D5-A1B2-FB3331EA0E11}.Debug|Any CPU.Build.0 = Debug|Any CPU
		{F9EB6C01-34BB-41D5-A1B2-FB3331EA0E11}.Release|Any CPU.ActiveCfg = Release|Any CPU
		{F9EB6C01-34BB-41D5-A1B2-FB3331EA0E11}.Release|Any CPU.Build.0 = Release|Any CPU
		{5059C73E-8D2F-41B8-BCEE-A7CF363D2E96}.Debug|Any CPU.ActiveCfg = Debug|Any CPU
		{5059C73E-8D2F-41B8-BCEE-A7CF363D2E96}.Debug|Any CPU.Build.0 = Debug|Any CPU
		{5059C73E-8D2F-41B8-BCEE-A7CF363D2E96}.Release|Any CPU.ActiveCfg = Release|Any CPU
		{5059C73E-8D2F-41B8-BCEE-A7CF363D2E96}.Release|Any CPU.Build.0 = Release|Any CPU
	EndGlobalSection
	GlobalSection(SolutionProperties) = preSolution
		HideSolutionNode = FALSE
	EndGlobalSection
	GlobalSection(ExtensibilityGlobals) = postSolution
		SolutionGuid = {F1E2662A-8FB2-4A0C-8A9A-058CEF341AA5}
	EndGlobalSection
EndGlobal
